
Microsoft Visual Studio Solution File, Format Version 12.00
# Visual Studio Version 17
VisualStudioVersion = 17.9.34616.47
MinimumVisualStudioVersion = 10.0.40219.1
Project("{2150E333-8FDC-42A3-9474-1A3956D46DE8}") = "GitHub", "GitHub", "{370CAFC4-FF59-486B-A780-FE73EA893D62}"
	ProjectSection(SolutionItems) = preProject
		ChangeLog.md = ChangeLog.md
		README.md = README.md
	EndProjectSection
EndProject
Project("{7CF6DF6D-3B04-46F8-A40B-537D21BCA0B4}") = "Documentation", "Documentation\Documentation.shfbproj", "{DB88148C-2570-4613-9016-3D72DA157224}"
EndProject
Project("{9A19103F-16F7-4668-BE54-9A1E7A4F7556}") = "ExcelWrapper", "ExcelWrapper\ExcelWrapper.csproj", "{5BDE43E8-E096-4C5E-9411-FF81BFDDD2B7}"
EndProject
Project("{9A19103F-16F7-4668-BE54-9A1E7A4F7556}") = "Test Application", "Test Application\Test Application.csproj", "{C2FD26F7-8C0E-4BA2-86B0-185D6DB57A8F}"
EndProject
Global
	GlobalSection(SolutionConfigurationPlatforms) = preSolution
		Debug|Any CPU = Debug|Any CPU
		Release|Any CPU = Release|Any CPU
	EndGlobalSection
	GlobalSection(ProjectConfigurationPlatforms) = postSolution
		{DB88148C-2570-4613-9016-3D72DA157224}.Debug|Any CPU.ActiveCfg = Debug|Any CPU
		{DB88148C-2570-4613-9016-3D72DA157224}.Debug|Any CPU.Build.0 = Debug|Any CPU
		{DB88148C-2570-4613-9016-3D72DA157224}.Release|Any CPU.ActiveCfg = Release|Any CPU
		{DB88148C-2570-4613-9016-3D72DA157224}.Release|Any CPU.Build.0 = Release|Any CPU
		{5BDE43E8-E096-4C5E-9411-FF81BFDDD2B7}.Debug|Any CPU.ActiveCfg = Debug|Any CPU
		{5BDE43E8-E096-4C5E-9411-FF81BFDDD2B7}.Debug|Any CPU.Build.0 = Debug|Any CPU
		{5BDE43E8-E096-4C5E-9411-FF81BFDDD2B7}.Release|Any CPU.ActiveCfg = Release|Any CPU
		{5BDE43E8-E096-4C5E-9411-FF81BFDDD2B7}.Release|Any CPU.Build.0 = Release|Any CPU
		{C2FD26F7-8C0E-4BA2-86B0-185D6DB57A8F}.Debug|Any CPU.ActiveCfg = Debug|Any CPU
		{C2FD26F7-8C0E-4BA2-86B0-185D6DB57A8F}.Debug|Any CPU.Build.0 = Debug|Any CPU
		{C2FD26F7-8C0E-4BA2-86B0-185D6DB57A8F}.Release|Any CPU.ActiveCfg = Release|Any CPU
		{C2FD26F7-8C0E-4BA2-86B0-185D6DB57A8F}.Release|Any CPU.Build.0 = Release|Any CPU
	EndGlobalSection
	GlobalSection(SolutionProperties) = preSolution
		HideSolutionNode = FALSE
	EndGlobalSection
	GlobalSection(ExtensibilityGlobals) = postSolution
		SolutionGuid = {BC89ADE2-0A63-4854-9548-90AC56EAD4ED}
	EndGlobalSection
EndGlobal
